
Microsoft Visual Studio Solution File, Format Version 12.00
Project("{8BC9CEB8-8B4A-11D0-8D11-00A0C91BC942}") = "L01_StandardIO", "L01_StandardIO\L01_StandardIO.vcxproj", "{0DC38A6D-8593-4074-8EAE-3781DA9FA360}"
EndProject
Project("{8BC9CEB8-8B4A-11D0-8D11-00A0C91BC942}") = "L02_Variable", "L02_Variable\L02_Variable.vcxproj", "{22D772E5-585B-4F95-B5D6-85A07D10B51C}"
EndProject
Project("{8BC9CEB8-8B4A-11D0-8D11-00A0C91BC942}") = "AITest", "AITest\AITest.vcxproj", "{0F7C419B-1D49-40D2-8768-72ECDA7C4BCD}"
EndProject
Project("{8BC9CEB8-8B4A-11D0-8D11-00A0C91BC942}") = "for_while_example", "for_while_example\for_while_example.vcxproj", "{7C8F9F6C-A81E-4C5C-98F9-FDB600077DB9}"
EndProject
Project("{8BC9CEB8-8B4A-11D0-8D11-00A0C91BC942}") = "double_for", "double_for\double_for.vcxproj", "{60D48E74-2D5D-40C8-8A93-357E477AEFC3}"
EndProject
Project("{8BC9CEB8-8B4A-11D0-8D11-00A0C91BC942}") = "function_example", "function_example\function_example.vcxproj", "{0EB45621-0A94-43AD-8338-2EFB0C5EC3C5}"
EndProject
Project("{8BC9CEB8-8B4A-11D0-8D11-00A0C91BC942}") = "memory_example", "memory_example\memory_example.vcxproj", "{22B79C6E-2840-490B-8E1B-83FFD65662E9}"
EndProject
Project("{8BC9CEB8-8B4A-11D0-8D11-00A0C91BC942}") = "Test", "Test\Test.vcxproj", "{A10166C4-5489-4422-88DA-7153583FFFF8}"
EndProject
Project("{8BC9CEB8-8B4A-11D0-8D11-00A0C91BC942}") = "myHeaderTest", "myHeaderTest\myHeaderTest.vcxproj", "{6FACCEA4-DF0D-4178-989C-8E1FC72A439D}"
EndProject
Project("{8BC9CEB8-8B4A-11D0-8D11-00A0C91BC942}") = "Scope_example", "Scope_example\Scope_example.vcxproj", "{2244DB30-3635-4ABF-B352-17D6396951AA}"
EndProject
Project("{8BC9CEB8-8B4A-11D0-8D11-00A0C91BC942}") = "array_example", "array_example\array_example.vcxproj", "{DDCE1566-48DA-437F-BCFF-C84CA0592470}"
EndProject
Project("{8BC9CEB8-8B4A-11D0-8D11-00A0C91BC942}") = "array_example_2", "array_example_2\array_example_2.vcxproj", "{312A4944-207E-4461-8BAD-B20348F4C631}"
EndProject
Project("{8BC9CEB8-8B4A-11D0-8D11-00A0C91BC942}") = "structure_example", "structure_example\structure_example.vcxproj", "{B4EC5520-977F-4A95-A487-98B5A6162447}"
EndProject
Project("{8BC9CEB8-8B4A-11D0-8D11-00A0C91BC942}") = "structure_pointer_example", "structure_pointer_example\structure_pointer_example.vcxproj", "{F1BF9CB1-6963-4740-934C-60CB4EC879DD}"
EndProject
Project("{8BC9CEB8-8B4A-11D0-8D11-00A0C91BC942}") = "dynamic_memory_allocation", "dynamic_memory_allocation\dynamic_memory_allocation.vcxproj", "{BF328FD6-134B-4CAE-9249-9ABF58AD25AF}"
EndProject
Project("{8BC9CEB8-8B4A-11D0-8D11-00A0C91BC942}") = "macro_example", "macro_example\macro_example.vcxproj", "{B42D3BD0-EF2E-48E2-BD8C-77EABEC3116B}"
EndProject
Project("{8BC9CEB8-8B4A-11D0-8D11-00A0C91BC942}") = "class_example", "class_example\class_example.vcxproj", "{582433D8-E2BA-48A1-B0AE-9D6DDFCB9A9B}"
EndProject
Project("{8BC9CEB8-8B4A-11D0-8D11-00A0C91BC942}") = "call_by_value_reference", "call_by_value_reference\call_by_value_reference.vcxproj", "{90136D90-62C7-4BE3-947F-21254BCF47EF}"
EndProject
Project("{8BC9CEB8-8B4A-11D0-8D11-00A0C91BC942}") = "gugudan", "gugudan\gugudan.vcxproj", "{F6585489-9260-48AE-9356-CC51875C49D5}"
EndProject
Project("{8BC9CEB8-8B4A-11D0-8D11-00A0C91BC942}") = "RPG_example", "RPG_example\RPG_example.vcxproj", "{CFD1E330-701B-4B06-BBA3-CC3D7F659542}"
EndProject
Project("{8BC9CEB8-8B4A-11D0-8D11-00A0C91BC942}") = "function_pointer_example", "function_pointer_example\function_pointer_example.vcxproj", "{342E4588-409A-412E-BB4C-6189B0ABE7FD}"
EndProject
Project("{8BC9CEB8-8B4A-11D0-8D11-00A0C91BC942}") = "function_pointer_example_2", "function_pointer_example_2\function_pointer_example_2.vcxproj", "{4CA2F8B8-39FC-4AE0-A8E5-039D5BB8D0E8}"
EndProject
Project("{8BC9CEB8-8B4A-11D0-8D11-00A0C91BC942}") = "virtual_function_example", "virtual_function_example\virtual_function_example.vcxproj", "{941269B1-B7B9-4324-90C9-94A2A482953D}"
EndProject
Project("{8BC9CEB8-8B4A-11D0-8D11-00A0C91BC942}") = "dynamic_and_function", "dynamic_and_function\dynamic_and_function.vcxproj", "{AE1158CA-2508-4B63-BA45-A1BC32051773}"
EndProject
Global
	GlobalSection(SolutionConfigurationPlatforms) = preSolution
		Debug|Any CPU = Debug|Any CPU
		Release|Any CPU = Release|Any CPU
	EndGlobalSection
	GlobalSection(ProjectConfigurationPlatforms) = postSolution
		{0DC38A6D-8593-4074-8EAE-3781DA9FA360}.Debug|Any CPU.ActiveCfg = Debug|Win32
		{0DC38A6D-8593-4074-8EAE-3781DA9FA360}.Debug|Any CPU.Build.0 = Debug|Win32
		{0DC38A6D-8593-4074-8EAE-3781DA9FA360}.Release|Any CPU.ActiveCfg = Release|Win32
		{0DC38A6D-8593-4074-8EAE-3781DA9FA360}.Release|Any CPU.Build.0 = Release|Win32
		{22D772E5-585B-4F95-B5D6-85A07D10B51C}.Debug|Any CPU.ActiveCfg = Debug|Win32
		{22D772E5-585B-4F95-B5D6-85A07D10B51C}.Debug|Any CPU.Build.0 = Debug|Win32
		{22D772E5-585B-4F95-B5D6-85A07D10B51C}.Release|Any CPU.ActiveCfg = Release|Win32
		{22D772E5-585B-4F95-B5D6-85A07D10B51C}.Release|Any CPU.Build.0 = Release|Win32
		{0F7C419B-1D49-40D2-8768-72ECDA7C4BCD}.Debug|Any CPU.ActiveCfg = Debug|Win32
		{0F7C419B-1D49-40D2-8768-72ECDA7C4BCD}.Debug|Any CPU.Build.0 = Debug|Win32
		{0F7C419B-1D49-40D2-8768-72ECDA7C4BCD}.Release|Any CPU.ActiveCfg = Release|Win32
		{0F7C419B-1D49-40D2-8768-72ECDA7C4BCD}.Release|Any CPU.Build.0 = Release|Win32
		{7C8F9F6C-A81E-4C5C-98F9-FDB600077DB9}.Debug|Any CPU.ActiveCfg = Debug|Win32
		{7C8F9F6C-A81E-4C5C-98F9-FDB600077DB9}.Debug|Any CPU.Build.0 = Debug|Win32
		{7C8F9F6C-A81E-4C5C-98F9-FDB600077DB9}.Release|Any CPU.ActiveCfg = Release|Win32
		{7C8F9F6C-A81E-4C5C-98F9-FDB600077DB9}.Release|Any CPU.Build.0 = Release|Win32
		{60D48E74-2D5D-40C8-8A93-357E477AEFC3}.Debug|Any CPU.ActiveCfg = Debug|Win32
		{60D48E74-2D5D-40C8-8A93-357E477AEFC3}.Debug|Any CPU.Build.0 = Debug|Win32
		{60D48E74-2D5D-40C8-8A93-357E477AEFC3}.Release|Any CPU.ActiveCfg = Release|Win32
		{60D48E74-2D5D-40C8-8A93-357E477AEFC3}.Release|Any CPU.Build.0 = Release|Win32
		{0EB45621-0A94-43AD-8338-2EFB0C5EC3C5}.Debug|Any CPU.ActiveCfg = Debug|Win32
		{0EB45621-0A94-43AD-8338-2EFB0C5EC3C5}.Debug|Any CPU.Build.0 = Debug|Win32
		{0EB45621-0A94-43AD-8338-2EFB0C5EC3C5}.Release|Any CPU.ActiveCfg = Release|Win32
		{0EB45621-0A94-43AD-8338-2EFB0C5EC3C5}.Release|Any CPU.Build.0 = Release|Win32
		{22B79C6E-2840-490B-8E1B-83FFD65662E9}.Release|Any CPU.ActiveCfg = Release|Win32
		{22B79C6E-2840-490B-8E1B-83FFD65662E9}.Release|Any CPU.Build.0 = Release|Win32
		{22B79C6E-2840-490B-8E1B-83FFD65662E9}.Debug|Any CPU.ActiveCfg = Debug|Win32
		{22B79C6E-2840-490B-8E1B-83FFD65662E9}.Debug|Any CPU.Build.0 = Debug|Win32
		{A10166C4-5489-4422-88DA-7153583FFFF8}.Debug|Any CPU.ActiveCfg = Debug|Win32
		{A10166C4-5489-4422-88DA-7153583FFFF8}.Debug|Any CPU.Build.0 = Debug|Win32
		{A10166C4-5489-4422-88DA-7153583FFFF8}.Release|Any CPU.ActiveCfg = Release|Win32
		{A10166C4-5489-4422-88DA-7153583FFFF8}.Release|Any CPU.Build.0 = Release|Win32
		{6FACCEA4-DF0D-4178-989C-8E1FC72A439D}.Debug|Any CPU.ActiveCfg = Debug|Win32
		{6FACCEA4-DF0D-4178-989C-8E1FC72A439D}.Debug|Any CPU.Build.0 = Debug|Win32
		{6FACCEA4-DF0D-4178-989C-8E1FC72A439D}.Release|Any CPU.ActiveCfg = Release|Win32
		{6FACCEA4-DF0D-4178-989C-8E1FC72A439D}.Release|Any CPU.Build.0 = Release|Win32
		{2244DB30-3635-4ABF-B352-17D6396951AA}.Debug|Any CPU.ActiveCfg = Debug|Win32
		{2244DB30-3635-4ABF-B352-17D6396951AA}.Debug|Any CPU.Build.0 = Debug|Win32
		{2244DB30-3635-4ABF-B352-17D6396951AA}.Release|Any CPU.ActiveCfg = Release|Win32
		{2244DB30-3635-4ABF-B352-17D6396951AA}.Release|Any CPU.Build.0 = Release|Win32
		{DDCE1566-48DA-437F-BCFF-C84CA0592470}.Debug|Any CPU.ActiveCfg = Debug|Win32
		{DDCE1566-48DA-437F-BCFF-C84CA0592470}.Debug|Any CPU.Build.0 = Debug|Win32
		{DDCE1566-48DA-437F-BCFF-C84CA0592470}.Release|Any CPU.ActiveCfg = Release|Win32
		{DDCE1566-48DA-437F-BCFF-C84CA0592470}.Release|Any CPU.Build.0 = Release|Win32
		{312A4944-207E-4461-8BAD-B20348F4C631}.Debug|Any CPU.ActiveCfg = Debug|Win32
		{312A4944-207E-4461-8BAD-B20348F4C631}.Debug|Any CPU.Build.0 = Debug|Win32
		{312A4944-207E-4461-8BAD-B20348F4C631}.Release|Any CPU.ActiveCfg = Release|Win32
		{312A4944-207E-4461-8BAD-B20348F4C631}.Release|Any CPU.Build.0 = Release|Win32
		{B4EC5520-977F-4A95-A487-98B5A6162447}.Debug|Any CPU.ActiveCfg = Debug|Win32
		{B4EC5520-977F-4A95-A487-98B5A6162447}.Debug|Any CPU.Build.0 = Debug|Win32
		{B4EC5520-977F-4A95-A487-98B5A6162447}.Release|Any CPU.ActiveCfg = Release|Win32
		{B4EC5520-977F-4A95-A487-98B5A6162447}.Release|Any CPU.Build.0 = Release|Win32
		{F1BF9CB1-6963-4740-934C-60CB4EC879DD}.Debug|Any CPU.ActiveCfg = Debug|Win32
		{F1BF9CB1-6963-4740-934C-60CB4EC879DD}.Debug|Any CPU.Build.0 = Debug|Win32
		{F1BF9CB1-6963-4740-934C-60CB4EC879DD}.Release|Any CPU.ActiveCfg = Release|Win32
		{F1BF9CB1-6963-4740-934C-60CB4EC879DD}.Release|Any CPU.Build.0 = Release|Win32
		{BF328FD6-134B-4CAE-9249-9ABF58AD25AF}.Debug|Any CPU.ActiveCfg = Debug|Win32
		{BF328FD6-134B-4CAE-9249-9ABF58AD25AF}.Debug|Any CPU.Build.0 = Debug|Win32
		{BF328FD6-134B-4CAE-9249-9ABF58AD25AF}.Release|Any CPU.ActiveCfg = Release|Win32
		{BF328FD6-134B-4CAE-9249-9ABF58AD25AF}.Release|Any CPU.Build.0 = Release|Win32
		{B42D3BD0-EF2E-48E2-BD8C-77EABEC3116B}.Debug|Any CPU.ActiveCfg = Debug|Win32
		{B42D3BD0-EF2E-48E2-BD8C-77EABEC3116B}.Debug|Any CPU.Build.0 = Debug|Win32
		{B42D3BD0-EF2E-48E2-BD8C-77EABEC3116B}.Release|Any CPU.ActiveCfg = Release|Win32
		{B42D3BD0-EF2E-48E2-BD8C-77EABEC3116B}.Release|Any CPU.Build.0 = Release|Win32
		{582433D8-E2BA-48A1-B0AE-9D6DDFCB9A9B}.Debug|Any CPU.ActiveCfg = Debug|Win32
		{582433D8-E2BA-48A1-B0AE-9D6DDFCB9A9B}.Debug|Any CPU.Build.0 = Debug|Win32
		{582433D8-E2BA-48A1-B0AE-9D6DDFCB9A9B}.Release|Any CPU.ActiveCfg = Release|Win32
		{582433D8-E2BA-48A1-B0AE-9D6DDFCB9A9B}.Release|Any CPU.Build.0 = Release|Win32
		{90136D90-62C7-4BE3-947F-21254BCF47EF}.Debug|Any CPU.ActiveCfg = Debug|Win32
		{90136D90-62C7-4BE3-947F-21254BCF47EF}.Debug|Any CPU.Build.0 = Debug|Win32
		{90136D90-62C7-4BE3-947F-21254BCF47EF}.Release|Any CPU.ActiveCfg = Release|Win32
		{90136D90-62C7-4BE3-947F-21254BCF47EF}.Release|Any CPU.Build.0 = Release|Win32
		{F6585489-9260-48AE-9356-CC51875C49D5}.Debug|Any CPU.ActiveCfg = Debug|Win32
		{F6585489-9260-48AE-9356-CC51875C49D5}.Debug|Any CPU.Build.0 = Debug|Win32
		{F6585489-9260-48AE-9356-CC51875C49D5}.Release|Any CPU.ActiveCfg = Release|Win32
		{F6585489-9260-48AE-9356-CC51875C49D5}.Release|Any CPU.Build.0 = Release|Win32
		{CFD1E330-701B-4B06-BBA3-CC3D7F659542}.Debug|Any CPU.ActiveCfg = Debug|Win32
		{CFD1E330-701B-4B06-BBA3-CC3D7F659542}.Debug|Any CPU.Build.0 = Debug|Win32
		{CFD1E330-701B-4B06-BBA3-CC3D7F659542}.Release|Any CPU.ActiveCfg = Release|Win32
		{CFD1E330-701B-4B06-BBA3-CC3D7F659542}.Release|Any CPU.Build.0 = Release|Win32
		{342E4588-409A-412E-BB4C-6189B0ABE7FD}.Debug|Any CPU.ActiveCfg = Debug|Win32
		{342E4588-409A-412E-BB4C-6189B0ABE7FD}.Debug|Any CPU.Build.0 = Debug|Win32
		{342E4588-409A-412E-BB4C-6189B0ABE7FD}.Release|Any CPU.ActiveCfg = Release|Win32
		{342E4588-409A-412E-BB4C-6189B0ABE7FD}.Release|Any CPU.Build.0 = Release|Win32
		{4CA2F8B8-39FC-4AE0-A8E5-039D5BB8D0E8}.Debug|Any CPU.ActiveCfg = Debug|Win32
		{4CA2F8B8-39FC-4AE0-A8E5-039D5BB8D0E8}.Debug|Any CPU.Build.0 = Debug|Win32
		{4CA2F8B8-39FC-4AE0-A8E5-039D5BB8D0E8}.Release|Any CPU.ActiveCfg = Release|Win32
		{4CA2F8B8-39FC-4AE0-A8E5-039D5BB8D0E8}.Release|Any CPU.Build.0 = Release|Win32
		{941269B1-B7B9-4324-90C9-94A2A482953D}.Debug|Any CPU.ActiveCfg = Debug|Win32
		{941269B1-B7B9-4324-90C9-94A2A482953D}.Debug|Any CPU.Build.0 = Debug|Win32
		{941269B1-B7B9-4324-90C9-94A2A482953D}.Release|Any CPU.ActiveCfg = Release|Win32
		{941269B1-B7B9-4324-90C9-94A2A482953D}.Release|Any CPU.Build.0 = Release|Win32
		{AE1158CA-2508-4B63-BA45-A1BC32051773}.Debug|Any CPU.ActiveCfg = Debug|Win32
		{AE1158CA-2508-4B63-BA45-A1BC32051773}.Debug|Any CPU.Build.0 = Debug|Win32
		{AE1158CA-2508-4B63-BA45-A1BC32051773}.Release|Any CPU.ActiveCfg = Release|Win32
		{AE1158CA-2508-4B63-BA45-A1BC32051773}.Release|Any CPU.Build.0 = Release|Win32
	EndGlobalSection
EndGlobal
